
Microsoft Visual Studio Solution File, Format Version 12.00
# Visual Studio Version 17
VisualStudioVersion = 17.0.31903.59
MinimumVisualStudioVersion = 10.0.40219.1
Project("{2150E333-8FDC-42A3-9474-1A3956D46DE8}") = "src", "src", "{FAD93D46-D9F1-4F26-9631-35F0EE66E1CE}"
EndProject
Project("{2150E333-8FDC-42A3-9474-1A3956D46DE8}") = "tests", "tests", "{3F3FEF2A-27F3-4A61-950E-22FFBD07D141}"
EndProject
Project("{FAE04EC0-301F-11D3-BF4B-00C04F79EFBC}") = "NewsPortal.Backend.WebApi", "src\NewsPortal.Backend.WebApi\NewsPortal.Backend.WebApi.csproj", "{AE82083D-54D9-4F65-A4DE-C617519F0F00}"
EndProject
Project("{FAE04EC0-301F-11D3-BF4B-00C04F79EFBC}") = "NewsPortal.Backend.Application", "src\NewsPortal.Backend.Application\NewsPortal.Backend.Application.csproj", "{3EC4DFD9-9643-462A-BF21-386C73CCCB94}"
EndProject
Project("{FAE04EC0-301F-11D3-BF4B-00C04F79EFBC}") = "NewsPortal.Backend.Infrastructure", "src\NewsPortal.Backend.Infrastructure\NewsPortal.Backend.Infrastructure.csproj", "{CED93A19-46ED-4775-9EC8-56558172BBB8}"
EndProject
Project("{FAE04EC0-301F-11D3-BF4B-00C04F79EFBC}") = "NewsPortal.Backend.UnitTests", "tests\NewsPortal.Backend.UnitTests\NewsPortal.Backend.UnitTests.csproj", "{ECE5641F-FD7D-4B1E-B5B5-76724F0E852A}"
EndProject
Project("{FAE04EC0-301F-11D3-BF4B-00C04F79EFBC}") = "NewsPortal.Backend.Contracts", "src\NewsPortal.Backend.Contracts\NewsPortal.Backend.Contracts.csproj", "{23606D20-6A34-42BF-9BC4-A61E31F295C4}"
EndProject
Project("{FAE04EC0-301F-11D3-BF4B-00C04F79EFBC}") = "NewsPortal.Backend.Domain", "src\NewsPortal.Backend.Domain\NewsPortal.Backend.Domain.csproj", "{B56AA792-6130-4E1A-9EE6-3DA7588CA828}"
EndProject
Global
	GlobalSection(SolutionConfigurationPlatforms) = preSolution
		Debug|Any CPU = Debug|Any CPU
		Release|Any CPU = Release|Any CPU
	EndGlobalSection
	GlobalSection(SolutionProperties) = preSolution
		HideSolutionNode = FALSE
	EndGlobalSection
	GlobalSection(NestedProjects) = preSolution
		{AE82083D-54D9-4F65-A4DE-C617519F0F00} = {FAD93D46-D9F1-4F26-9631-35F0EE66E1CE}
		{3EC4DFD9-9643-462A-BF21-386C73CCCB94} = {FAD93D46-D9F1-4F26-9631-35F0EE66E1CE}
		{CED93A19-46ED-4775-9EC8-56558172BBB8} = {FAD93D46-D9F1-4F26-9631-35F0EE66E1CE}
		{ECE5641F-FD7D-4B1E-B5B5-76724F0E852A} = {3F3FEF2A-27F3-4A61-950E-22FFBD07D141}
		{23606D20-6A34-42BF-9BC4-A61E31F295C4} = {FAD93D46-D9F1-4F26-9631-35F0EE66E1CE}
		{B56AA792-6130-4E1A-9EE6-3DA7588CA828} = {FAD93D46-D9F1-4F26-9631-35F0EE66E1CE}
	EndGlobalSection
	GlobalSection(ProjectConfigurationPlatforms) = postSolution
		{AE82083D-54D9-4F65-A4DE-C617519F0F00}.Debug|Any CPU.ActiveCfg = Debug|Any CPU
		{AE82083D-54D9-4F65-A4DE-C617519F0F00}.Debug|Any CPU.Build.0 = Debug|Any CPU
		{AE82083D-54D9-4F65-A4DE-C617519F0F00}.Release|Any CPU.ActiveCfg = Release|Any CPU
		{AE82083D-54D9-4F65-A4DE-C617519F0F00}.Release|Any CPU.Build.0 = Release|Any CPU
		{3EC4DFD9-9643-462A-BF21-386C73CCCB94}.Debug|Any CPU.ActiveCfg = Debug|Any CPU
		{3EC4DFD9-9643-462A-BF21-386C73CCCB94}.Debug|Any CPU.Build.0 = Debug|Any CPU
		{3EC4DFD9-9643-462A-BF21-386C73CCCB94}.Release|Any CPU.ActiveCfg = Release|Any CPU
		{3EC4DFD9-9643-462A-BF21-386C73CCCB94}.Release|Any CPU.Build.0 = Release|Any CPU
		{CED93A19-46ED-4775-9EC8-56558172BBB8}.Debug|Any CPU.ActiveCfg = Debug|Any CPU
		{CED93A19-46ED-4775-9EC8-56558172BBB8}.Debug|Any CPU.Build.0 = Debug|Any CPU
		{CED93A19-46ED-4775-9EC8-56558172BBB8}.Release|Any CPU.ActiveCfg = Release|Any CPU
		{CED93A19-46ED-4775-9EC8-56558172BBB8}.Release|Any CPU.Build.0 = Release|Any CPU
		{ECE5641F-FD7D-4B1E-B5B5-76724F0E852A}.Debug|Any CPU.ActiveCfg = Debug|Any CPU
		{ECE5641F-FD7D-4B1E-B5B5-76724F0E852A}.Debug|Any CPU.Build.0 = Debug|Any CPU
		{ECE5641F-FD7D-4B1E-B5B5-76724F0E852A}.Release|Any CPU.ActiveCfg = Release|Any CPU
		{ECE5641F-FD7D-4B1E-B5B5-76724F0E852A}.Release|Any CPU.Build.0 = Release|Any CPU
		{23606D20-6A34-42BF-9BC4-A61E31F295C4}.Debug|Any CPU.ActiveCfg = Debug|Any CPU
		{23606D20-6A34-42BF-9BC4-A61E31F295C4}.Debug|Any CPU.Build.0 = Debug|Any CPU
		{23606D20-6A34-42BF-9BC4-A61E31F295C4}.Release|Any CPU.ActiveCfg = Release|Any CPU
		{23606D20-6A34-42BF-9BC4-A61E31F295C4}.Release|Any CPU.Build.0 = Release|Any CPU
		{B56AA792-6130-4E1A-9EE6-3DA7588CA828}.Debug|Any CPU.ActiveCfg = Debug|Any CPU
		{B56AA792-6130-4E1A-9EE6-3DA7588CA828}.Debug|Any CPU.Build.0 = Debug|Any CPU
		{B56AA792-6130-4E1A-9EE6-3DA7588CA828}.Release|Any CPU.ActiveCfg = Release|Any CPU
		{B56AA792-6130-4E1A-9EE6-3DA7588CA828}.Release|Any CPU.Build.0 = Release|Any CPU
	EndGlobalSection
EndGlobal
